
Microsoft Visual Studio Solution File, Format Version 12.00
# Visual Studio 15
VisualStudioVersion = 15.0.27428.2015
MinimumVisualStudioVersion = 10.0.40219.1
Project("{8BC9CEB8-8B4A-11D0-8D11-00A0C91BC942}") = "Project7", "Project7\Project7.vcxproj", "{0054B4D0-9C9A-40E7-BC22-B3A2CDCA8E52}"
EndProject
Global
	GlobalSection(SolutionConfigurationPlatforms) = preSolution
		Debug|x64 = Debug|x64
		Debug|x86 = Debug|x86
		Release|x64 = Release|x64
		Release|x86 = Release|x86
	EndGlobalSection
	GlobalSection(ProjectConfigurationPlatforms) = postSolution
		{0054B4D0-9C9A-40E7-BC22-B3A2CDCA8E52}.Debug|x64.ActiveCfg = Debug|x64
		{0054B4D0-9C9A-40E7-BC22-B3A2CDCA8E52}.Debug|x64.Build.0 = Debug|x64
		{0054B4D0-9C9A-40E7-BC22-B3A2CDCA8E52}.Debug|x86.ActiveCfg = Debug|Win32
		{0054B4D0-9C9A-40E7-BC22-B3A2CDCA8E52}.Debug|x86.Build.0 = Debug|Win32
		{0054B4D0-9C9A-40E7-BC22-B3A2CDCA8E52}.Release|x64.ActiveCfg = Release|x64
		{0054B4D0-9C9A-40E7-BC22-B3A2CDCA8E52}.Release|x64.Build.0 = Release|x64
		{0054B4D0-9C9A-40E7-BC22-B3A2CDCA8E52}.Release|x86.ActiveCfg = Release|Win32
		{0054B4D0-9C9A-40E7-BC22-B3A2CDCA8E52}.Release|x86.Build.0 = Release|Win32
	EndGlobalSection
	GlobalSection(SolutionProperties) = preSolution
		HideSolutionNode = FALSE
	EndGlobalSection
	GlobalSection(ExtensibilityGlobals) = postSolution
		SolutionGuid = {4CD37119-7899-4B67-80B7-073D1C7DF577}
	EndGlobalSection
EndGlobal
